
Microsoft Visual Studio Solution File, Format Version 12.00
# Visual Studio Version 17
VisualStudioVersion = 17.3.32825.248
MinimumVisualStudioVersion = 10.0.40219.1
Project("{FAE04EC0-301F-11D3-BF4B-00C04F79EFBC}") = "AngularAuthApi", "AngularAuthApi\AngularAuthApi.csproj", "{558F5189-B6FA-4DF1-86A6-45E967DAF142}"
EndProject
Global
	GlobalSection(SolutionConfigurationPlatforms) = preSolution
		Debug|Any CPU = Debug|Any CPU
		Release|Any CPU = Release|Any CPU
	EndGlobalSection
	GlobalSection(ProjectConfigurationPlatforms) = postSolution
		{558F5189-B6FA-4DF1-86A6-45E967DAF142}.Debug|Any CPU.ActiveCfg = Debug|Any CPU
		{558F5189-B6FA-4DF1-86A6-45E967DAF142}.Debug|Any CPU.Build.0 = Debug|Any CPU
		{558F5189-B6FA-4DF1-86A6-45E967DAF142}.Release|Any CPU.ActiveCfg = Release|Any CPU
		{558F5189-B6FA-4DF1-86A6-45E967DAF142}.Release|Any CPU.Build.0 = Release|Any CPU
	EndGlobalSection
	GlobalSection(SolutionProperties) = preSolution
		HideSolutionNode = FALSE
	EndGlobalSection
	GlobalSection(ExtensibilityGlobals) = postSolution
		SolutionGuid = {67EA0D80-2651-45DC-95B8-C48322376979}
	EndGlobalSection
EndGlobal
